
Microsoft Visual Studio Solution File, Format Version 12.00
# Visual Studio 2013
VisualStudioVersion = 12.0.30324.0
MinimumVisualStudioVersion = 10.0.40219.1
Project("{FAE04EC0-301F-11D3-BF4B-00C04F79EFBC}") = "PrologSudoku.UI", "PrologSudoku.UI\PrologSudoku.UI.csproj", "{1D920D58-8444-4793-AE6C-CE3622263D50}"
EndProject
Project("{FAE04EC0-301F-11D3-BF4B-00C04F79EFBC}") = "PrologSudoku.Model", "PrologSudoku.Model\PrologSudoku.Model.csproj", "{93473887-7E56-4F41-8240-B225342C2F7E}"
EndProject
Project("{FAE04EC0-301F-11D3-BF4B-00C04F79EFBC}") = "PrologSudoku.ViewModel", "PrologSudoku.ViewModel\PrologSudoku.ViewModel.csproj", "{486E9915-2173-441C-AD25-F8FB5ECC1598}"
EndProject
Project("{FAE04EC0-301F-11D3-BF4B-00C04F79EFBC}") = "PrologSudoku.Services", "PrologSudoku.Services\PrologSudoku.Services.csproj", "{812E5515-21AF-4029-9F27-0AE72F70EB42}"
EndProject
Global
	GlobalSection(SolutionConfigurationPlatforms) = preSolution
		Debug|Any CPU = Debug|Any CPU
		Release|Any CPU = Release|Any CPU
	EndGlobalSection
	GlobalSection(ProjectConfigurationPlatforms) = postSolution
		{1D920D58-8444-4793-AE6C-CE3622263D50}.Debug|Any CPU.ActiveCfg = Debug|Any CPU
		{1D920D58-8444-4793-AE6C-CE3622263D50}.Debug|Any CPU.Build.0 = Debug|Any CPU
		{1D920D58-8444-4793-AE6C-CE3622263D50}.Release|Any CPU.ActiveCfg = Release|Any CPU
		{1D920D58-8444-4793-AE6C-CE3622263D50}.Release|Any CPU.Build.0 = Release|Any CPU
		{93473887-7E56-4F41-8240-B225342C2F7E}.Debug|Any CPU.ActiveCfg = Debug|Any CPU
		{93473887-7E56-4F41-8240-B225342C2F7E}.Debug|Any CPU.Build.0 = Debug|Any CPU
		{93473887-7E56-4F41-8240-B225342C2F7E}.Release|Any CPU.ActiveCfg = Release|Any CPU
		{93473887-7E56-4F41-8240-B225342C2F7E}.Release|Any CPU.Build.0 = Release|Any CPU
		{486E9915-2173-441C-AD25-F8FB5ECC1598}.Debug|Any CPU.ActiveCfg = Debug|Any CPU
		{486E9915-2173-441C-AD25-F8FB5ECC1598}.Debug|Any CPU.Build.0 = Debug|Any CPU
		{486E9915-2173-441C-AD25-F8FB5ECC1598}.Release|Any CPU.ActiveCfg = Release|Any CPU
		{486E9915-2173-441C-AD25-F8FB5ECC1598}.Release|Any CPU.Build.0 = Release|Any CPU
		{812E5515-21AF-4029-9F27-0AE72F70EB42}.Debug|Any CPU.ActiveCfg = Debug|Any CPU
		{812E5515-21AF-4029-9F27-0AE72F70EB42}.Debug|Any CPU.Build.0 = Debug|Any CPU
		{812E5515-21AF-4029-9F27-0AE72F70EB42}.Release|Any CPU.ActiveCfg = Release|Any CPU
		{812E5515-21AF-4029-9F27-0AE72F70EB42}.Release|Any CPU.Build.0 = Release|Any CPU
	EndGlobalSection
	GlobalSection(SolutionProperties) = preSolution
		HideSolutionNode = FALSE
	EndGlobalSection
EndGlobal
